<?xml version="1.0" encoding="utf-8"?>
<Project ToolsVersion="4.0" xmlns="http://schemas.microsoft.com/developer/msbuild/2003">
  <ItemGroup>
    <Filter Include="Sources">
      <UniqueIdentifier>{4FC737F1-C7A5-4376-A066-2A32D752A2FF}</UniqueIdentifier>
      <Extensions>cpp;c;cc;cxx;c++;cppm;ixx;def;odl;idl;hpj;bat;asm;asmx</Extensions>
    </Filter>
    <Filter Include="Sources\Views">
      <UniqueIdentifier>{e58c224f-2a73-4706-a719-621bcc2e14e8}</UniqueIdentifier>
    </Filter>
    <Filter Include="Sources\Settings">
      <UniqueIdentifier>{c74274f4-9407-4b1b-b993-a278f2f35fee}</UniqueIdentifier>
    </Filter>
    <Filter Include="Sources\Core">
      <UniqueIdentifier>{55ab6a38-d51d-4037-9db5-73f81a915900}</UniqueIdentifier>
    </Filter>
    <Filter Include="Sources\Snake">
      <UniqueIdentifier>{467e7b97-d40c-47b7-93b7-29c2d2357c99}</UniqueIdentifier>
    </Filter>
    <Filter Include="Sources\Apple">
      <UniqueIdentifier>{e1ade97b-9eb6-4d31-92fd-2fd48f1a1fc7}</UniqueIdentifier>
    </Filter>
    <Filter Include="Sources\GameState">
      <UniqueIdentifier>{02defb23-b0d6-4208-8c78-b3b964e81e00}</UniqueIdentifier>
    </Filter>
    <Filter Include="Sources\Menu">
      <UniqueIdentifier>{094ebd83-e12f-4cd3-840a-f8f8e8c5f464}</UniqueIdentifier>
    </Filter>
  </ItemGroup>
  <ItemGroup>
    <ClCompile Include="GameMain.cpp">
      <Filter>Sources</Filter>
    </ClCompile>
    <ClCompile Include="Math.cpp">
      <Filter>Sources\Core</Filter>
    </ClCompile>
    <ClCompile Include="Snake.cpp">
      <Filter>Sources\Snake</Filter>
    </ClCompile>
    <ClCompile Include="Segment.cpp">
      <Filter>Sources\Snake</Filter>
    </ClCompile>
    <ClCompile Include="Game.cpp">
      <Filter>Sources\Core</Filter>
    </ClCompile>
    <ClCompile Include="SnakeBodyAssets.cpp">
      <Filter>Sources\Views</Filter>
    </ClCompile>
    <ClCompile Include="Apple.cpp">
      <Filter>Sources\Apple</Filter>
    </ClCompile>
    <ClCompile Include="Menu.cpp">
      <Filter>Sources\Menu</Filter>
    </ClCompile>
    <ClCompile Include="GameStateMainMenu.cpp">
      <Filter>Sources\GameState</Filter>
    </ClCompile>
    <ClCompile Include="GameStatePauseDialog.h">
      <Filter>Sources\GameState</Filter>
    </ClCompile>
    <ClCompile Include="GameStatePauseDialog.cpp">
      <Filter>Sources\GameState</Filter>
    </ClCompile>
    <ClCompile Include="GameStatePlaying.cpp">
      <Filter>Sources\GameState</Filter>
    </ClCompile>
    <ClCompile Include="GameStateGameOver.cpp">
      <Filter>Sources\GameState</Filter>
    </ClCompile>
    <ClCompile Include="GameStateNameForRecordsTable.cpp">
      <Filter>Sources\GameState</Filter>
    </ClCompile>
    <ClCompile Include="Serializer.cpp">
      <Filter>Sources\Core</Filter>
    </ClCompile>
  </ItemGroup>
  <ItemGroup>
    <ClInclude Include="SnakeBodyAssets.h">
      <Filter>Sources\Views</Filter>
    </ClInclude>
    <ClInclude Include="Settings.h">
      <Filter>Sources\Settings</Filter>
    </ClInclude>
    <ClInclude Include="Math.h">
      <Filter>Sources\Core</Filter>
    </ClInclude>
    <ClInclude Include="Game.h">
      <Filter>Sources\Core</Filter>
    </ClInclude>
    <ClInclude Include="Snake.h">
      <Filter>Sources\Snake</Filter>
    </ClInclude>
    <ClInclude Include="Segment.h">
      <Filter>Sources\Snake</Filter>
    </ClInclude>
    <ClInclude Include="Direction.h">
      <Filter>Sources\Snake</Filter>
    </ClInclude>
    <ClInclude Include="Apple.h">
      <Filter>Sources\Apple</Filter>
    </ClInclude>
    <ClInclude Include="AppleAsset.h">
      <Filter>Sources\Views</Filter>
    </ClInclude>
    <ClInclude Include="GameState.h">
      <Filter>Sources\GameState</Filter>
    </ClInclude>
    <ClInclude Include="GameStateMainMenu.h">
      <Filter>Sources\GameState</Filter>
    </ClInclude>
    <ClInclude Include="Menu.h">
      <Filter>Sources\Menu</Filter>
    </ClInclude>
    <ClInclude Include="GameStatePlaying.h">
      <Filter>Sources\GameState</Filter>
    </ClInclude>
    <ClInclude Include="GameStateGameOver.h">
      <Filter>Sources\GameState</Filter>
    </ClInclude>
    <ClInclude Include="GameStateNameForRecordsTable.h">
      <Filter>Sources\GameState</Filter>
    </ClInclude>
    <ClInclude Include="Serializer.h">
      <Filter>Sources\Core</Filter>
    </ClInclude>
  </ItemGroup>
</Project>